
Microsoft Visual Studio Solution File, Format Version 12.00
# Visual Studio 2012
Project("{FAE04EC0-301F-11D3-BF4B-00C04F79EFBC}") = "RabbitConverter", "RabbitConverter\RabbitConverter.csproj", "{8126206F-75D2-4548-B28D-2514D41C49DF}"
EndProject
Global
	GlobalSection(SolutionConfigurationPlatforms) = preSolution
		Debug|Any CPU = Debug|Any CPU
		Release|Any CPU = Release|Any CPU
	EndGlobalSection
	GlobalSection(ProjectConfigurationPlatforms) = postSolution
		{8126206F-75D2-4548-B28D-2514D41C49DF}.Debug|Any CPU.ActiveCfg = Debug|Any CPU
		{8126206F-75D2-4548-B28D-2514D41C49DF}.Debug|Any CPU.Build.0 = Debug|Any CPU
		{8126206F-75D2-4548-B28D-2514D41C49DF}.Release|Any CPU.ActiveCfg = Release|Any CPU
		{8126206F-75D2-4548-B28D-2514D41C49DF}.Release|Any CPU.Build.0 = Release|Any CPU
	EndGlobalSection
	GlobalSection(SolutionProperties) = preSolution
		HideSolutionNode = FALSE
	EndGlobalSection
EndGlobal
